{
  "requires": true,
  "lockfileVersion": 1,
  "dependencies": {
    "sweetalert2": {
      "version": "7.28.8",
      "resolved": "https://registry.npmjs.org/sweetalert2/-/sweetalert2-7.28.8.tgz",
      "integrity": "sha512-4NA+0mH4he8iJuq9DLaF+nshJ76lsGtML6Bbx8PFKvTug55Fpjxrq+Lh5PckSsTfICELz525gKSzX2BLQbp3jA=="
    }
  }
}
