{
  "name": "collaboration-system",
  "version": "1.0.0",
  "lockfileVersion": 1,
  "requires": true,
  "dependencies": {
    "sweetalert2": {
      "version": "7.29.2",
      "resolved": "https://registry.npmjs.org/sweetalert2/-/sweetalert2-7.29.2.tgz",
      "integrity": "sha512-p+Zp2ly8vf9jGlzlUOmpVDZZoRHHatTHa3H3OnXVInQKJ5HHQr5Vg8XnledhS4Iih6TdSadbdGZ8Y4gE+OUgOQ=="
    }
  }
}
